
Microsoft Visual Studio Solution File, Format Version 12.00
# Visual Studio Version 17
VisualStudioVersion = 17.3.32819.101
MinimumVisualStudioVersion = 10.0.40219.1
Project("{FAE04EC0-301F-11D3-BF4B-00C04F79EFBC}") = "ScreenReader", "ScreenReader.csproj", "{3BF36439-720D-4A9C-B2A6-04431E9791CD}"
EndProject
Global
	GlobalSection(SolutionConfigurationPlatforms) = preSolution
		Debug|Any CPU = Debug|Any CPU
		Release|Any CPU = Release|Any CPU
	EndGlobalSection
	GlobalSection(ProjectConfigurationPlatforms) = postSolution
		{3BF36439-720D-4A9C-B2A6-04431E9791CD}.Debug|Any CPU.ActiveCfg = Debug|Any CPU
		{3BF36439-720D-4A9C-B2A6-04431E9791CD}.Debug|Any CPU.Build.0 = Debug|Any CPU
		{3BF36439-720D-4A9C-B2A6-04431E9791CD}.Release|Any CPU.ActiveCfg = Release|Any CPU
		{3BF36439-720D-4A9C-B2A6-04431E9791CD}.Release|Any CPU.Build.0 = Release|Any CPU
	EndGlobalSection
	GlobalSection(SolutionProperties) = preSolution
		HideSolutionNode = FALSE
	EndGlobalSection
	GlobalSection(ExtensibilityGlobals) = postSolution
		SolutionGuid = {8B2C2B04-199D-49AD-96B9-A564C6538C69}
	EndGlobalSection
EndGlobal
